
Microsoft Visual Studio Solution File, Format Version 12.00
# Visual Studio 2012
Project("{8BC9CEB8-8B4A-11D0-8D11-00A0C91BC942}") = "tutorial1", "tutorial1\tutorial1.vcxproj", "{29BC8E02-901F-4DF5-8F7F-4684FCA1F298}"
EndProject
Project("{8BC9CEB8-8B4A-11D0-8D11-00A0C91BC942}") = "tutorial2", "tutorial2\tutorial2.vcxproj", "{5F0FF172-512D-4CA6-B117-747259D01803}"
EndProject
Global
	GlobalSection(SolutionConfigurationPlatforms) = preSolution
		Debug|Win32 = Debug|Win32
		Release|Win32 = Release|Win32
	EndGlobalSection
	GlobalSection(ProjectConfigurationPlatforms) = postSolution
		{29BC8E02-901F-4DF5-8F7F-4684FCA1F298}.Debug|Win32.ActiveCfg = Debug|Win32
		{29BC8E02-901F-4DF5-8F7F-4684FCA1F298}.Debug|Win32.Build.0 = Debug|Win32
		{29BC8E02-901F-4DF5-8F7F-4684FCA1F298}.Release|Win32.ActiveCfg = Release|Win32
		{29BC8E02-901F-4DF5-8F7F-4684FCA1F298}.Release|Win32.Build.0 = Release|Win32
		{5F0FF172-512D-4CA6-B117-747259D01803}.Debug|Win32.ActiveCfg = Debug|Win32
		{5F0FF172-512D-4CA6-B117-747259D01803}.Debug|Win32.Build.0 = Debug|Win32
		{5F0FF172-512D-4CA6-B117-747259D01803}.Release|Win32.ActiveCfg = Release|Win32
		{5F0FF172-512D-4CA6-B117-747259D01803}.Release|Win32.Build.0 = Release|Win32
	EndGlobalSection
	GlobalSection(SolutionProperties) = preSolution
		HideSolutionNode = FALSE
	EndGlobalSection
EndGlobal
